# This file is autogenerated, do not edit; changes may be undone by the next 'dep ensure'.


[[projects]]
  name = "github.com/pkg/errors"
  packages = ["."]
  revision = "645ef00459ed84a119197bfb8d8205042c6df63d"
  version = "v0.8.0"

[[projects]]
  name = "github.com/zenoss/go-auth0"
  packages = [
    "auth0/authz",
    "auth0/http"
  ]
  revision = "bde18d3a742790ac87bc55622070bdf545ba147a"
  version = "1.0.0"

[[projects]]
  name = "gopkg.in/yaml.v2"
  packages = ["."]
  revision = "5420a8b6744d3b0345ab293f6fcba19c978f1183"
  version = "v2.2.1"

[solve-meta]
  analyzer-name = "dep"
  analyzer-version = 1
  inputs-digest = "5577b9207945e0f7ce290a4edf4e59bb7c3330388de4a239c9e775d268b5a24d"
  solver-name = "gps-cdcl"
  solver-version = 1
